
Microsoft Visual Studio Solution File, Format Version 12.00
# Visual Studio Version 17
VisualStudioVersion = 17.5.002.0
MinimumVisualStudioVersion = 10.0.40219.1
Project("{9A19103F-16F7-4668-BE54-9A1E7A4F7556}") = "QuantaPuzzle", "QuantaPuzzle.csproj", "{475D3FD5-B422-4BC8-AA4A-D5368C882A31}"
EndProject
Global
	GlobalSection(SolutionConfigurationPlatforms) = preSolution
		Debug|Any CPU = Debug|Any CPU
		Release|Any CPU = Release|Any CPU
	EndGlobalSection
	GlobalSection(ProjectConfigurationPlatforms) = postSolution
		{475D3FD5-B422-4BC8-AA4A-D5368C882A31}.Debug|Any CPU.ActiveCfg = Debug|Any CPU
		{475D3FD5-B422-4BC8-AA4A-D5368C882A31}.Debug|Any CPU.Build.0 = Debug|Any CPU
		{475D3FD5-B422-4BC8-AA4A-D5368C882A31}.Release|Any CPU.ActiveCfg = Release|Any CPU
		{475D3FD5-B422-4BC8-AA4A-D5368C882A31}.Release|Any CPU.Build.0 = Release|Any CPU
		{5F061E2B-6C25-470F-BA3F-11615DFAC356}.Debug|Any CPU.ActiveCfg = Debug|Any CPU
		{5F061E2B-6C25-470F-BA3F-11615DFAC356}.Debug|Any CPU.Build.0 = Debug|Any CPU
		{5F061E2B-6C25-470F-BA3F-11615DFAC356}.Release|Any CPU.ActiveCfg = Release|Any CPU
		{5F061E2B-6C25-470F-BA3F-11615DFAC356}.Release|Any CPU.Build.0 = Release|Any CPU
	EndGlobalSection
	GlobalSection(SolutionProperties) = preSolution
		HideSolutionNode = FALSE
	EndGlobalSection
	GlobalSection(ExtensibilityGlobals) = postSolution
		SolutionGuid = {D43F0420-D16B-44F9-95BC-E5A7BBB31E95}
	EndGlobalSection
EndGlobal
